// !$*UTF8*$!
{
	archiveVersion = 1;
	classes = {
	};
	objectVersion = 56;
	objects = {

/* Begin PBXBuildFile section */
		4B7E7666295A5EE30048A101 /* Execute.swift in Sources */ = {isa = PBXBuildFile; fileRef = 4B7E7665295A5EE30048A101 /* Execute.swift */; };
		9D9D1A9F29553C1200F4C948 /* BridgeAppApp.swift in Sources */ = {isa = PBXBuildFile; fileRef = 9D9D1A9E29553C1200F4C948 /* BridgeAppApp.swift */; };
		9D9D1AA129553C1200F4C948 /* ContentView.swift in Sources */ = {isa = PBXBuildFile; fileRef = 9D9D1AA029553C1200F4C948 /* ContentView.swift */; };
		9D9D1AA329553C1400F4C948 /* Assets.xcassets in Resources */ = {isa = PBXBuildFile; fileRef = 9D9D1AA229553C1400F4C948 /* Assets.xcassets */; };
		9D9D1AA629553C1400F4C948 /* Preview Assets.xcassets in Resources */ = {isa = PBXBuildFile; fileRef = 9D9D1AA529553C1400F4C948 /* Preview Assets.xcassets */; };
		9D9D1AB029553C1400F4C948 /* BridgeAppTests.swift in Sources */ = {isa = PBXBuildFile; fileRef = 9D9D1AAF29553C1400F4C948 /* BridgeAppTests.swift */; };
		9D9D1ABA29553C1400F4C948 /* BridgeAppUITests.swift in Sources */ = {isa = PBXBuildFile; fileRef = 9D9D1AB929553C1400F4C948 /* BridgeAppUITests.swift */; };
		9D9D1ABC29553C1400F4C948 /* BridgeAppUITestsLaunchTests.swift in Sources */ = {isa = PBXBuildFile; fileRef = 9D9D1ABB29553C1400F4C948 /* BridgeAppUITestsLaunchTests.swift */; };
		9D9D1AC9295547DA00F4C948 /* WebViewController.swift in Sources */ = {isa = PBXBuildFile; fileRef = 9D9D1AC8295547DA00F4C948 /* WebViewController.swift */; };
		9D9D1ACB2955633A00F4C948 /* index.html in Resources */ = {isa = PBXBuildFile; fileRef = 9D9D1ACA2955633A00F4C948 /* index.html */; };
		9D9D1ACD2955645300F4C948 /* RapidSchemeHandler.swift in Sources */ = {isa = PBXBuildFile; fileRef = 9D9D1ACC2955645300F4C948 /* RapidSchemeHandler.swift */; };
/* End PBXBuildFile section */

/* Begin PBXContainerItemProxy section */
		9D9D1AAC29553C1400F4C948 /* PBXContainerItemProxy */ = {
			isa = PBXContainerItemProxy;
			containerPortal = 9D9D1A9329553C1200F4C948 /* Project object */;
			proxyType = 1;
			remoteGlobalIDString = 9D9D1A9A29553C1200F4C948;
			remoteInfo = BridgeApp;
		};
		9D9D1AB629553C1400F4C948 /* PBXContainerItemProxy */ = {
			isa = PBXContainerItemProxy;
			containerPortal = 9D9D1A9329553C1200F4C948 /* Project object */;
			proxyType = 1;
			remoteGlobalIDString = 9D9D1A9A29553C1200F4C948;
			remoteInfo = BridgeApp;
		};
/* End PBXContainerItemProxy section */

/* Begin PBXFileReference section */
		4B7E7665295A5EE30048A101 /* Execute.swift */ = {isa = PBXFileReference; lastKnownFileType = sourcecode.swift; path = Execute.swift; sourceTree = "<group>"; };
		9D9D1A9B29553C1200F4C948 /* BridgeApp.app */ = {isa = PBXFileReference; explicitFileType = wrapper.application; includeInIndex = 0; path = BridgeApp.app; sourceTree = BUILT_PRODUCTS_DIR; };
		9D9D1A9E29553C1200F4C948 /* BridgeAppApp.swift */ = {isa = PBXFileReference; lastKnownFileType = sourcecode.swift; path = BridgeAppApp.swift; sourceTree = "<group>"; };
		9D9D1AA029553C1200F4C948 /* ContentView.swift */ = {isa = PBXFileReference; lastKnownFileType = sourcecode.swift; path = ContentView.swift; sourceTree = "<group>"; };
		9D9D1AA229553C1400F4C948 /* Assets.xcassets */ = {isa = PBXFileReference; lastKnownFileType = folder.assetcatalog; path = Assets.xcassets; sourceTree = "<group>"; };
		9D9D1AA529553C1400F4C948 /* Preview Assets.xcassets */ = {isa = PBXFileReference; lastKnownFileType = folder.assetcatalog; path = "Preview Assets.xcassets"; sourceTree = "<group>"; };
		9D9D1AAB29553C1400F4C948 /* BridgeAppTests.xctest */ = {isa = PBXFileReference; explicitFileType = wrapper.cfbundle; includeInIndex = 0; path = BridgeAppTests.xctest; sourceTree = BUILT_PRODUCTS_DIR; };
		9D9D1AAF29553C1400F4C948 /* BridgeAppTests.swift */ = {isa = PBXFileReference; lastKnownFileType = sourcecode.swift; path = BridgeAppTests.swift; sourceTree = "<group>"; };
		9D9D1AB529553C1400F4C948 /* BridgeAppUITests.xctest */ = {isa = PBXFileReference; explicitFileType = wrapper.cfbundle; includeInIndex = 0; path = BridgeAppUITests.xctest; sourceTree = BUILT_PRODUCTS_DIR; };
		9D9D1AB929553C1400F4C948 /* BridgeAppUITests.swift */ = {isa = PBXFileReference; lastKnownFileType = sourcecode.swift; path = BridgeAppUITests.swift; sourceTree = "<group>"; };
		9D9D1ABB29553C1400F4C948 /* BridgeAppUITestsLaunchTests.swift */ = {isa = PBXFileReference; lastKnownFileType = sourcecode.swift; path = BridgeAppUITestsLaunchTests.swift; sourceTree = "<group>"; };
		9D9D1AC8295547DA00F4C948 /* WebViewController.swift */ = {isa = PBXFileReference; lastKnownFileType = sourcecode.swift; path = WebViewController.swift; sourceTree = "<group>"; };
		9D9D1ACA2955633A00F4C948 /* index.html */ = {isa = PBXFileReference; lastKnownFileType = text.html; path = index.html; sourceTree = "<group>"; };
		9D9D1ACC2955645300F4C948 /* RapidSchemeHandler.swift */ = {isa = PBXFileReference; lastKnownFileType = sourcecode.swift; path = RapidSchemeHandler.swift; sourceTree = "<group>"; };
/* End PBXFileReference section */

/* Begin PBXFrameworksBuildPhase section */
		9D9D1A9829553C1200F4C948 /* Frameworks */ = {
			isa = PBXFrameworksBuildPhase;
			buildActionMask = 2147483647;
			files = (
			);
			runOnlyForDeploymentPostprocessing = 0;
		};
		9D9D1AA829553C1400F4C948 /* Frameworks */ = {
			isa = PBXFrameworksBuildPhase;
			buildActionMask = 2147483647;
			files = (
			);
			runOnlyForDeploymentPostprocessing = 0;
		};
		9D9D1AB229553C1400F4C948 /* Frameworks */ = {
			isa = PBXFrameworksBuildPhase;
			buildActionMask = 2147483647;
			files = (
			);
			runOnlyForDeploymentPostprocessing = 0;
		};
/* End PBXFrameworksBuildPhase section */

/* Begin PBXGroup section */
		9D9D1A9229553C1200F4C948 = {
			isa = PBXGroup;
			children = (
				9D9D1A9D29553C1200F4C948 /* BridgeApp */,
				9D9D1AAE29553C1400F4C948 /* BridgeAppTests */,
				9D9D1AB829553C1400F4C948 /* BridgeAppUITests */,
				9D9D1A9C29553C1200F4C948 /* Products */,
			);
			sourceTree = "<group>";
		};
		9D9D1A9C29553C1200F4C948 /* Products */ = {
			isa = PBXGroup;
			children = (
				9D9D1A9B29553C1200F4C948 /* BridgeApp.app */,
				9D9D1AAB29553C1400F4C948 /* BridgeAppTests.xctest */,
				9D9D1AB529553C1400F4C948 /* BridgeAppUITests.xctest */,
			);
			name = Products;
			sourceTree = "<group>";
		};
		9D9D1A9D29553C1200F4C948 /* BridgeApp */ = {
			isa = PBXGroup;
			children = (
				9D9D1ACA2955633A00F4C948 /* index.html */,
				9D9D1A9E29553C1200F4C948 /* BridgeAppApp.swift */,
				9D9D1AA029553C1200F4C948 /* ContentView.swift */,
				9D9D1AC8295547DA00F4C948 /* WebViewController.swift */,
				9D9D1AA229553C1400F4C948 /* Assets.xcassets */,
				9D9D1AA429553C1400F4C948 /* Preview Content */,
				9D9D1ACC2955645300F4C948 /* RapidSchemeHandler.swift */,
				4B7E7665295A5EE30048A101 /* Execute.swift */,
			);
			path = BridgeApp;
			sourceTree = "<group>";
		};
		9D9D1AA429553C1400F4C948 /* Preview Content */ = {
			isa = PBXGroup;
			children = (
				9D9D1AA529553C1400F4C948 /* Preview Assets.xcassets */,
			);
			path = "Preview Content";
			sourceTree = "<group>";
		};
		9D9D1AAE29553C1400F4C948 /* BridgeAppTests */ = {
			isa = PBXGroup;
			children = (
				9D9D1AAF29553C1400F4C948 /* BridgeAppTests.swift */,
			);
			path = BridgeAppTests;
			sourceTree = "<group>";
		};
		9D9D1AB829553C1400F4C948 /* BridgeAppUITests */ = {
			isa = PBXGroup;
			children = (
				9D9D1AB929553C1400F4C948 /* BridgeAppUITests.swift */,
				9D9D1ABB29553C1400F4C948 /* BridgeAppUITestsLaunchTests.swift */,
			);
			path = BridgeAppUITests;
			sourceTree = "<group>";
		};
/* End PBXGroup section */

/* Begin PBXNativeTarget section */
		9D9D1A9A29553C1200F4C948 /* BridgeApp */ = {
			isa = PBXNativeTarget;
			buildConfigurationList = 9D9D1ABF29553C1400F4C948 /* Build configuration list for PBXNativeTarget "BridgeApp" */;
			buildPhases = (
				9D9D1A9729553C1200F4C948 /* Sources */,
				9D9D1A9829553C1200F4C948 /* Frameworks */,
				9D9D1A9929553C1200F4C948 /* Resources */,
			);
			buildRules = (
			);
			dependencies = (
			);
			name = BridgeApp;
			productName = BridgeApp;
			productReference = 9D9D1A9B29553C1200F4C948 /* BridgeApp.app */;
			productType = "com.apple.product-type.application";
		};
		9D9D1AAA29553C1400F4C948 /* BridgeAppTests */ = {
			isa = PBXNativeTarget;
			buildConfigurationList = 9D9D1AC229553C1400F4C948 /* Build configuration list for PBXNativeTarget "BridgeAppTests" */;
			buildPhases = (
				9D9D1AA729553C1400F4C948 /* Sources */,
				9D9D1AA829553C1400F4C948 /* Frameworks */,
				9D9D1AA929553C1400F4C948 /* Resources */,
			);
			buildRules = (
			);
			dependencies = (
				9D9D1AAD29553C1400F4C948 /* PBXTargetDependency */,
			);
			name = BridgeAppTests;
			productName = BridgeAppTests;
			productReference = 9D9D1AAB29553C1400F4C948 /* BridgeAppTests.xctest */;
			productType = "com.apple.product-type.bundle.unit-test";
		};
		9D9D1AB429553C1400F4C948 /* BridgeAppUITests */ = {
			isa = PBXNativeTarget;
			buildConfigurationList = 9D9D1AC529553C1400F4C948 /* Build configuration list for PBXNativeTarget "BridgeAppUITests" */;
			buildPhases = (
				9D9D1AB129553C1400F4C948 /* Sources */,
				9D9D1AB229553C1400F4C948 /* Frameworks */,
				9D9D1AB329553C1400F4C948 /* Resources */,
			);
			buildRules = (
			);
			dependencies = (
				9D9D1AB729553C1400F4C948 /* PBXTargetDependency */,
			);
			name = BridgeAppUITests;
			productName = BridgeAppUITests;
			productReference = 9D9D1AB529553C1400F4C948 /* BridgeAppUITests.xctest */;
			productType = "com.apple.product-type.bundle.ui-testing";
		};
/* End PBXNativeTarget section */

/* Begin PBXProject section */
		9D9D1A9329553C1200F4C948 /* Project object */ = {
			isa = PBXProject;
			attributes = {
				BuildIndependentTargetsInParallel = 1;
				LastSwiftUpdateCheck = 1410;
				LastUpgradeCheck = 1410;
				TargetAttributes = {
					9D9D1A9A29553C1200F4C948 = {
						CreatedOnToolsVersion = 14.1;
					};
					9D9D1AAA29553C1400F4C948 = {
						CreatedOnToolsVersion = 14.1;
						TestTargetID = 9D9D1A9A29553C1200F4C948;
					};
					9D9D1AB429553C1400F4C948 = {
						CreatedOnToolsVersion = 14.1;
						TestTargetID = 9D9D1A9A29553C1200F4C948;
					};
				};
			};
			buildConfigurationList = 9D9D1A9629553C1200F4C948 /* Build configuration list for PBXProject "BridgeApp" */;
			compatibilityVersion = "Xcode 14.0";
			developmentRegion = en;
			hasScannedForEncodings = 0;
			knownRegions = (
				en,
				Base,
			);
			mainGroup = 9D9D1A9229553C1200F4C948;
			productRefGroup = 9D9D1A9C29553C1200F4C948 /* Products */;
			projectDirPath = "";
			projectRoot = "";
			targets = (
				9D9D1A9A29553C1200F4C948 /* BridgeApp */,
				9D9D1AAA29553C1400F4C948 /* BridgeAppTests */,
				9D9D1AB429553C1400F4C948 /* BridgeAppUITests */,
			);
		};
/* End PBXProject section */

/* Begin PBXResourcesBuildPhase section */
		9D9D1A9929553C1200F4C948 /* Resources */ = {
			isa = PBXResourcesBuildPhase;
			buildActionMask = 2147483647;
			files = (
				9D9D1ACB2955633A00F4C948 /* index.html in Resources */,
				9D9D1AA629553C1400F4C948 /* Preview Assets.xcassets in Resources */,
				9D9D1AA329553C1400F4C948 /* Assets.xcassets in Resources */,
			);
			runOnlyForDeploymentPostprocessing = 0;
		};
		9D9D1AA929553C1400F4C948 /* Resources */ = {
			isa = PBXResourcesBuildPhase;
			buildActionMask = 2147483647;
			files = (
			);
			runOnlyForDeploymentPostprocessing = 0;
		};
		9D9D1AB329553C1400F4C948 /* Resources */ = {
			isa = PBXResourcesBuildPhase;
			buildActionMask = 2147483647;
			files = (
			);
			runOnlyForDeploymentPostprocessing = 0;
		};
/* End PBXResourcesBuildPhase section */

/* Begin PBXSourcesBuildPhase section */
		9D9D1A9729553C1200F4C948 /* Sources */ = {
			isa = PBXSourcesBuildPhase;
			buildActionMask = 2147483647;
			files = (
				9D9D1AA129553C1200F4C948 /* ContentView.swift in Sources */,
				9D9D1AC9295547DA00F4C948 /* WebViewController.swift in Sources */,
				9D9D1ACD2955645300F4C948 /* RapidSchemeHandler.swift in Sources */,
				4B7E7666295A5EE30048A101 /* Execute.swift in Sources */,
				9D9D1A9F29553C1200F4C948 /* BridgeAppApp.swift in Sources */,
			);
			runOnlyForDeploymentPostprocessing = 0;
		};
		9D9D1AA729553C1400F4C948 /* Sources */ = {
			isa = PBXSourcesBuildPhase;
			buildActionMask = 2147483647;
			files = (
				9D9D1AB029553C1400F4C948 /* BridgeAppTests.swift in Sources */,
			);
			runOnlyForDeploymentPostprocessing = 0;
		};
		9D9D1AB129553C1400F4C948 /* Sources */ = {
			isa = PBXSourcesBuildPhase;
			buildActionMask = 2147483647;
			files = (
				9D9D1ABA29553C1400F4C948 /* BridgeAppUITests.swift in Sources */,
				9D9D1ABC29553C1400F4C948 /* BridgeAppUITestsLaunchTests.swift in Sources */,
			);
			runOnlyForDeploymentPostprocessing = 0;
		};
/* End PBXSourcesBuildPhase section */

/* Begin PBXTargetDependency section */
		9D9D1AAD29553C1400F4C948 /* PBXTargetDependency */ = {
			isa = PBXTargetDependency;
			target = 9D9D1A9A29553C1200F4C948 /* BridgeApp */;
			targetProxy = 9D9D1AAC29553C1400F4C948 /* PBXContainerItemProxy */;
		};
		9D9D1AB729553C1400F4C948 /* PBXTargetDependency */ = {
			isa = PBXTargetDependency;
			target = 9D9D1A9A29553C1200F4C948 /* BridgeApp */;
			targetProxy = 9D9D1AB629553C1400F4C948 /* PBXContainerItemProxy */;
		};
/* End PBXTargetDependency section */

/* Begin XCBuildConfiguration section */
		9D9D1ABD29553C1400F4C948 /* Debug */ = {
			isa = XCBuildConfiguration;
			buildSettings = {
				ALWAYS_SEARCH_USER_PATHS = NO;
				CLANG_ANALYZER_NONNULL = YES;
				CLANG_ANALYZER_NUMBER_OBJECT_CONVERSION = YES_AGGRESSIVE;
				CLANG_CXX_LANGUAGE_STANDARD = "gnu++20";
				CLANG_ENABLE_MODULES = YES;
				CLANG_ENABLE_OBJC_ARC = YES;
				CLANG_ENABLE_OBJC_WEAK = YES;
				CLANG_WARN_BLOCK_CAPTURE_AUTORELEASING = YES;
				CLANG_WARN_BOOL_CONVERSION = YES;
				CLANG_WARN_COMMA = YES;
				CLANG_WARN_CONSTANT_CONVERSION = YES;
				CLANG_WARN_DEPRECATED_OBJC_IMPLEMENTATIONS = YES;
				CLANG_WARN_DIRECT_OBJC_ISA_USAGE = YES_ERROR;
				CLANG_WARN_DOCUMENTATION_COMMENTS = YES;
				CLANG_WARN_EMPTY_BODY = YES;
				CLANG_WARN_ENUM_CONVERSION = YES;
				CLANG_WARN_INFINITE_RECURSION = YES;
				CLANG_WARN_INT_CONVERSION = YES;
				CLANG_WARN_NON_LITERAL_NULL_CONVERSION = YES;
				CLANG_WARN_OBJC_IMPLICIT_RETAIN_SELF = YES;
				CLANG_WARN_OBJC_LITERAL_CONVERSION = YES;
				CLANG_WARN_OBJC_ROOT_CLASS = YES_ERROR;
				CLANG_WARN_QUOTED_INCLUDE_IN_FRAMEWORK_HEADER = YES;
				CLANG_WARN_RANGE_LOOP_ANALYSIS = YES;
				CLANG_WARN_STRICT_PROTOTYPES = YES;
				CLANG_WARN_SUSPICIOUS_MOVE = YES;
				CLANG_WARN_UNGUARDED_AVAILABILITY = YES_AGGRESSIVE;
				CLANG_WARN_UNREACHABLE_CODE = YES;
				CLANG_WARN__DUPLICATE_METHOD_MATCH = YES;
				COPY_PHASE_STRIP = NO;
				DEBUG_INFORMATION_FORMAT = dwarf;
				ENABLE_STRICT_OBJC_MSGSEND = YES;
				ENABLE_TESTABILITY = YES;
				GCC_C_LANGUAGE_STANDARD = gnu11;
				GCC_DYNAMIC_NO_PIC = NO;
				GCC_NO_COMMON_BLOCKS = YES;
				GCC_OPTIMIZATION_LEVEL = 0;
				GCC_PREPROCESSOR_DEFINITIONS = (
					"DEBUG=1",
					"$(inherited)",
				);
				GCC_WARN_64_TO_32_BIT_CONVERSION = YES;
				GCC_WARN_ABOUT_RETURN_TYPE = YES_ERROR;
				GCC_WARN_UNDECLARED_SELECTOR = YES;
				GCC_WARN_UNINITIALIZED_AUTOS = YES_AGGRESSIVE;
				GCC_WARN_UNUSED_FUNCTION = YES;
				GCC_WARN_UNUSED_VARIABLE = YES;
				IPHONEOS_DEPLOYMENT_TARGET = 16.1;
				MTL_ENABLE_DEBUG_INFO = INCLUDE_SOURCE;
				MTL_FAST_MATH = YES;
				ONLY_ACTIVE_ARCH = YES;
				SDKROOT = iphoneos;
				SWIFT_ACTIVE_COMPILATION_CONDITIONS = DEBUG;
				SWIFT_OPTIMIZATION_LEVEL = "-Onone";
			};
			name = Debug;
		};
		9D9D1ABE29553C1400F4C948 /* Release */ = {
			isa = XCBuildConfiguration;
			buildSettings = {
				ALWAYS_SEARCH_USER_PATHS = NO;
				CLANG_ANALYZER_NONNULL = YES;
				CLANG_ANALYZER_NUMBER_OBJECT_CONVERSION = YES_AGGRESSIVE;
				CLANG_CXX_LANGUAGE_STANDARD = "gnu++20";
				CLANG_ENABLE_MODULES = YES;
				CLANG_ENABLE_OBJC_ARC = YES;
				CLANG_ENABLE_OBJC_WEAK = YES;
				CLANG_WARN_BLOCK_CAPTURE_AUTORELEASING = YES;
				CLANG_WARN_BOOL_CONVERSION = YES;
				CLANG_WARN_COMMA = YES;
				CLANG_WARN_CONSTANT_CONVERSION = YES;
				CLANG_WARN_DEPRECATED_OBJC_IMPLEMENTATIONS = YES;
				CLANG_WARN_DIRECT_OBJC_ISA_USAGE = YES_ERROR;
				CLANG_WARN_DOCUMENTATION_COMMENTS = YES;
				CLANG_WARN_EMPTY_BODY = YES;
				CLANG_WARN_ENUM_CONVERSION = YES;
				CLANG_WARN_INFINITE_RECURSION = YES;
				CLANG_WARN_INT_CONVERSION = YES;
				CLANG_WARN_NON_LITERAL_NULL_CONVERSION = YES;
				CLANG_WARN_OBJC_IMPLICIT_RETAIN_SELF = YES;
				CLANG_WARN_OBJC_LITERAL_CONVERSION = YES;
				CLANG_WARN_OBJC_ROOT_CLASS = YES_ERROR;
				CLANG_WARN_QUOTED_INCLUDE_IN_FRAMEWORK_HEADER = YES;
				CLANG_WARN_RANGE_LOOP_ANALYSIS = YES;
				CLANG_WARN_STRICT_PROTOTYPES = YES;
				CLANG_WARN_SUSPICIOUS_MOVE = YES;
				CLANG_WARN_UNGUARDED_AVAILABILITY = YES_AGGRESSIVE;
				CLANG_WARN_UNREACHABLE_CODE = YES;
				CLANG_WARN__DUPLICATE_METHOD_MATCH = YES;
				COPY_PHASE_STRIP = NO;
				DEBUG_INFORMATION_FORMAT = "dwarf-with-dsym";
				ENABLE_NS_ASSERTIONS = NO;
				ENABLE_STRICT_OBJC_MSGSEND = YES;
				GCC_C_LANGUAGE_STANDARD = gnu11;
				GCC_NO_COMMON_BLOCKS = YES;
				GCC_WARN_64_TO_32_BIT_CONVERSION = YES;
				GCC_WARN_ABOUT_RETURN_TYPE = YES_ERROR;
				GCC_WARN_UNDECLARED_SELECTOR = YES;
				GCC_WARN_UNINITIALIZED_AUTOS = YES_AGGRESSIVE;
				GCC_WARN_UNUSED_FUNCTION = YES;
				GCC_WARN_UNUSED_VARIABLE = YES;
				IPHONEOS_DEPLOYMENT_TARGET = 16.1;
				MTL_ENABLE_DEBUG_INFO = NO;
				MTL_FAST_MATH = YES;
				SDKROOT = iphoneos;
				SWIFT_COMPILATION_MODE = wholemodule;
				SWIFT_OPTIMIZATION_LEVEL = "-O";
				VALIDATE_PRODUCT = YES;
			};
			name = Release;
		};
		9D9D1AC029553C1400F4C948 /* Debug */ = {
			isa = XCBuildConfiguration;
			buildSettings = {
				ASSETCATALOG_COMPILER_APPICON_NAME = AppIcon;
				ASSETCATALOG_COMPILER_GLOBAL_ACCENT_COLOR_NAME = AccentColor;
				CODE_SIGN_STYLE = Automatic;
				CURRENT_PROJECT_VERSION = 1;
				DEVELOPMENT_ASSET_PATHS = "\"BridgeApp/Preview Content\"";
				DEVELOPMENT_TEAM = X72TF388K8;
				ENABLE_PREVIEWS = YES;
				GENERATE_INFOPLIST_FILE = YES;
				INFOPLIST_KEY_UIApplicationSceneManifest_Generation = YES;
				INFOPLIST_KEY_UIApplicationSupportsIndirectInputEvents = YES;
				INFOPLIST_KEY_UILaunchScreen_Generation = YES;
				INFOPLIST_KEY_UISupportedInterfaceOrientations_iPad = "UIInterfaceOrientationPortrait UIInterfaceOrientationPortraitUpsideDown UIInterfaceOrientationLandscapeLeft UIInterfaceOrientationLandscapeRight";
				INFOPLIST_KEY_UISupportedInterfaceOrientations_iPhone = "UIInterfaceOrientationPortrait UIInterfaceOrientationLandscapeLeft UIInterfaceOrientationLandscapeRight";
				IPHONEOS_DEPLOYMENT_TARGET = 15.0;
				LD_RUNPATH_SEARCH_PATHS = (
					"$(inherited)",
					"@executable_path/Frameworks",
				);
				MARKETING_VERSION = 1.0;
				PRODUCT_BUNDLE_IDENTIFIER = com.ischemaview.mobile.BridgeApp;
				PRODUCT_NAME = "$(TARGET_NAME)";
				SWIFT_EMIT_LOC_STRINGS = YES;
				SWIFT_VERSION = 5.0;
				TARGETED_DEVICE_FAMILY = "1,2";
			};
			name = Debug;
		};
		9D9D1AC129553C1400F4C948 /* Release */ = {
			isa = XCBuildConfiguration;
			buildSettings = {
				ASSETCATALOG_COMPILER_APPICON_NAME = AppIcon;
				ASSETCATALOG_COMPILER_GLOBAL_ACCENT_COLOR_NAME = AccentColor;
				CODE_SIGN_STYLE = Automatic;
				CURRENT_PROJECT_VERSION = 1;
				DEVELOPMENT_ASSET_PATHS = "\"BridgeApp/Preview Content\"";
				DEVELOPMENT_TEAM = X72TF388K8;
				ENABLE_PREVIEWS = YES;
				GENERATE_INFOPLIST_FILE = YES;
				INFOPLIST_KEY_UIApplicationSceneManifest_Generation = YES;
				INFOPLIST_KEY_UIApplicationSupportsIndirectInputEvents = YES;
				INFOPLIST_KEY_UILaunchScreen_Generation = YES;
				INFOPLIST_KEY_UISupportedInterfaceOrientations_iPad = "UIInterfaceOrientationPortrait UIInterfaceOrientationPortraitUpsideDown UIInterfaceOrientationLandscapeLeft UIInterfaceOrientationLandscapeRight";
				INFOPLIST_KEY_UISupportedInterfaceOrientations_iPhone = "UIInterfaceOrientationPortrait UIInterfaceOrientationLandscapeLeft UIInterfaceOrientationLandscapeRight";
				IPHONEOS_DEPLOYMENT_TARGET = 15.0;
				LD_RUNPATH_SEARCH_PATHS = (
					"$(inherited)",
					"@executable_path/Frameworks",
				);
				MARKETING_VERSION = 1.0;
				PRODUCT_BUNDLE_IDENTIFIER = com.ischemaview.mobile.BridgeApp;
				PRODUCT_NAME = "$(TARGET_NAME)";
				SWIFT_EMIT_LOC_STRINGS = YES;
				SWIFT_VERSION = 5.0;
				TARGETED_DEVICE_FAMILY = "1,2";
			};
			name = Release;
		};
		9D9D1AC329553C1400F4C948 /* Debug */ = {
			isa = XCBuildConfiguration;
			buildSettings = {
				ALWAYS_EMBED_SWIFT_STANDARD_LIBRARIES = YES;
				BUNDLE_LOADER = "$(TEST_HOST)";
				CODE_SIGN_STYLE = Automatic;
				CURRENT_PROJECT_VERSION = 1;
				DEVELOPMENT_TEAM = X72TF388K8;
				GENERATE_INFOPLIST_FILE = YES;
				IPHONEOS_DEPLOYMENT_TARGET = 16.1;
				MARKETING_VERSION = 1.0;
				PRODUCT_BUNDLE_IDENTIFIER = com.ischemaview.mobile.BridgeAppTests;
				PRODUCT_NAME = "$(TARGET_NAME)";
				SWIFT_EMIT_LOC_STRINGS = NO;
				SWIFT_VERSION = 5.0;
				TARGETED_DEVICE_FAMILY = "1,2";
				TEST_HOST = "$(BUILT_PRODUCTS_DIR)/BridgeApp.app/$(BUNDLE_EXECUTABLE_FOLDER_PATH)/BridgeApp";
			};
			name = Debug;
		};
		9D9D1AC429553C1400F4C948 /* Release */ = {
			isa = XCBuildConfiguration;
			buildSettings = {
				ALWAYS_EMBED_SWIFT_STANDARD_LIBRARIES = YES;
				BUNDLE_LOADER = "$(TEST_HOST)";
				CODE_SIGN_STYLE = Automatic;
				CURRENT_PROJECT_VERSION = 1;
				DEVELOPMENT_TEAM = X72TF388K8;
				GENERATE_INFOPLIST_FILE = YES;
				IPHONEOS_DEPLOYMENT_TARGET = 16.1;
				MARKETING_VERSION = 1.0;
				PRODUCT_BUNDLE_IDENTIFIER = com.ischemaview.mobile.BridgeAppTests;
				PRODUCT_NAME = "$(TARGET_NAME)";
				SWIFT_EMIT_LOC_STRINGS = NO;
				SWIFT_VERSION = 5.0;
				TARGETED_DEVICE_FAMILY = "1,2";
				TEST_HOST = "$(BUILT_PRODUCTS_DIR)/BridgeApp.app/$(BUNDLE_EXECUTABLE_FOLDER_PATH)/BridgeApp";
			};
			name = Release;
		};
		9D9D1AC629553C1400F4C948 /* Debug */ = {
			isa = XCBuildConfiguration;
			buildSettings = {
				ALWAYS_EMBED_SWIFT_STANDARD_LIBRARIES = YES;
				CODE_SIGN_STYLE = Automatic;
				CURRENT_PROJECT_VERSION = 1;
				DEVELOPMENT_TEAM = X72TF388K8;
				GENERATE_INFOPLIST_FILE = YES;
				MARKETING_VERSION = 1.0;
				PRODUCT_BUNDLE_IDENTIFIER = com.ischemaview.mobile.BridgeAppUITests;
				PRODUCT_NAME = "$(TARGET_NAME)";
				SWIFT_EMIT_LOC_STRINGS = NO;
				SWIFT_VERSION = 5.0;
				TARGETED_DEVICE_FAMILY = "1,2";
				TEST_TARGET_NAME = BridgeApp;
			};
			name = Debug;
		};
		9D9D1AC729553C1400F4C948 /* Release */ = {
			isa = XCBuildConfiguration;
			buildSettings = {
				ALWAYS_EMBED_SWIFT_STANDARD_LIBRARIES = YES;
				CODE_SIGN_STYLE = Automatic;
				CURRENT_PROJECT_VERSION = 1;
				DEVELOPMENT_TEAM = X72TF388K8;
				GENERATE_INFOPLIST_FILE = YES;
				MARKETING_VERSION = 1.0;
				PRODUCT_BUNDLE_IDENTIFIER = com.ischemaview.mobile.BridgeAppUITests;
				PRODUCT_NAME = "$(TARGET_NAME)";
				SWIFT_EMIT_LOC_STRINGS = NO;
				SWIFT_VERSION = 5.0;
				TARGETED_DEVICE_FAMILY = "1,2";
				TEST_TARGET_NAME = BridgeApp;
			};
			name = Release;
		};
/* End XCBuildConfiguration section */

/* Begin XCConfigurationList section */
		9D9D1A9629553C1200F4C948 /* Build configuration list for PBXProject "BridgeApp" */ = {
			isa = XCConfigurationList;
			buildConfigurations = (
				9D9D1ABD29553C1400F4C948 /* Debug */,
				9D9D1ABE29553C1400F4C948 /* Release */,
			);
			defaultConfigurationIsVisible = 0;
			defaultConfigurationName = Release;
		};
		9D9D1ABF29553C1400F4C948 /* Build configuration list for PBXNativeTarget "BridgeApp" */ = {
			isa = XCConfigurationList;
			buildConfigurations = (
				9D9D1AC029553C1400F4C948 /* Debug */,
				9D9D1AC129553C1400F4C948 /* Release */,
			);
			defaultConfigurationIsVisible = 0;
			defaultConfigurationName = Release;
		};
		9D9D1AC229553C1400F4C948 /* Build configuration list for PBXNativeTarget "BridgeAppTests" */ = {
			isa = XCConfigurationList;
			buildConfigurations = (
				9D9D1AC329553C1400F4C948 /* Debug */,
				9D9D1AC429553C1400F4C948 /* Release */,
			);
			defaultConfigurationIsVisible = 0;
			defaultConfigurationName = Release;
		};
		9D9D1AC529553C1400F4C948 /* Build configuration list for PBXNativeTarget "BridgeAppUITests" */ = {
			isa = XCConfigurationList;
			buildConfigurations = (
				9D9D1AC629553C1400F4C948 /* Debug */,
				9D9D1AC729553C1400F4C948 /* Release */,
			);
			defaultConfigurationIsVisible = 0;
			defaultConfigurationName = Release;
		};
/* End XCConfigurationList section */
	};
	rootObject = 9D9D1A9329553C1200F4C948 /* Project object */;
}
